
Microsoft Visual Studio Solution File, Format Version 11.00
# Visual Studio 2010
Project("{8BC9CEB8-8B4A-11D0-8D11-00A0C91BC942}") = "beugro", "beugro\beugro.vcxproj", "{F4507073-8B22-4292-A359-72BFC572DD52}"
EndProject
Project("{8BC9CEB8-8B4A-11D0-8D11-00A0C91BC942}") = "ogl", "ogl\ogl.vcxproj", "{316DD9F7-B0FA-4E50-9FAD-645E0E7A246E}"
EndProject
Global
	GlobalSection(SolutionConfigurationPlatforms) = preSolution
		Debug|Win32 = Debug|Win32
		Release|Win32 = Release|Win32
	EndGlobalSection
	GlobalSection(ProjectConfigurationPlatforms) = postSolution
		{F4507073-8B22-4292-A359-72BFC572DD52}.Debug|Win32.ActiveCfg = Debug|Win32
		{F4507073-8B22-4292-A359-72BFC572DD52}.Debug|Win32.Build.0 = Debug|Win32
		{F4507073-8B22-4292-A359-72BFC572DD52}.Release|Win32.ActiveCfg = Release|Win32
		{F4507073-8B22-4292-A359-72BFC572DD52}.Release|Win32.Build.0 = Release|Win32
		{316DD9F7-B0FA-4E50-9FAD-645E0E7A246E}.Debug|Win32.ActiveCfg = Debug|Win32
		{316DD9F7-B0FA-4E50-9FAD-645E0E7A246E}.Debug|Win32.Build.0 = Debug|Win32
		{316DD9F7-B0FA-4E50-9FAD-645E0E7A246E}.Release|Win32.ActiveCfg = Release|Win32
		{316DD9F7-B0FA-4E50-9FAD-645E0E7A246E}.Release|Win32.Build.0 = Release|Win32
	EndGlobalSection
	GlobalSection(SolutionProperties) = preSolution
		HideSolutionNode = FALSE
	EndGlobalSection
EndGlobal
